
Microsoft Visual Studio Solution File, Format Version 12.00
# Visual Studio 15
VisualStudioVersion = 15.0.26430.13
MinimumVisualStudioVersion = 10.0.40219.1
Project("{9A19103F-16F7-4668-BE54-9A1E7A4F7556}") = "PlayingWithSpan", "PlayingWithSpan\PlayingWithSpan.csproj", "{BDDC4D92-4881-4703-ABD5-D0CD7CE86834}"
EndProject
Project("{FAE04EC0-301F-11D3-BF4B-00C04F79EFBC}") = "PlayingWithMemory", "PlayingWithMemory\PlayingWithMemory.csproj", "{0075A33F-5127-44B7-8C6E-BBE5194508CC}"
EndProject
Global
	GlobalSection(SolutionConfigurationPlatforms) = preSolution
		Debug|Any CPU = Debug|Any CPU
		Release|Any CPU = Release|Any CPU
	EndGlobalSection
	GlobalSection(ProjectConfigurationPlatforms) = postSolution
		{BDDC4D92-4881-4703-ABD5-D0CD7CE86834}.Debug|Any CPU.ActiveCfg = Debug|Any CPU
		{BDDC4D92-4881-4703-ABD5-D0CD7CE86834}.Debug|Any CPU.Build.0 = Debug|Any CPU
		{BDDC4D92-4881-4703-ABD5-D0CD7CE86834}.Release|Any CPU.ActiveCfg = Release|Any CPU
		{BDDC4D92-4881-4703-ABD5-D0CD7CE86834}.Release|Any CPU.Build.0 = Release|Any CPU
		{0075A33F-5127-44B7-8C6E-BBE5194508CC}.Debug|Any CPU.ActiveCfg = Debug|Any CPU
		{0075A33F-5127-44B7-8C6E-BBE5194508CC}.Debug|Any CPU.Build.0 = Debug|Any CPU
		{0075A33F-5127-44B7-8C6E-BBE5194508CC}.Release|Any CPU.ActiveCfg = Release|Any CPU
		{0075A33F-5127-44B7-8C6E-BBE5194508CC}.Release|Any CPU.Build.0 = Release|Any CPU
	EndGlobalSection
	GlobalSection(SolutionProperties) = preSolution
		HideSolutionNode = FALSE
	EndGlobalSection
EndGlobal
